// !$*UTF8*$!
{
	archiveVersion = 1;
	classes = {
	};
	objectVersion = 51;
	objects = {

/* Begin PBXBuildFile section */
		6B1459C3D513DCDC6F980F3A /* Pods_BsuirAdditionalApp.framework in Frameworks */ = {isa = PBXBuildFile; fileRef = 7B1DCCF9E11A81C0BA5FF588 /* Pods_BsuirAdditionalApp.framework */; };
		FA0DC4A524572AF200B77DF2 /* NewsSubscriptionsTableViewCell.swift in Sources */ = {isa = PBXBuildFile; fileRef = FA0DC4A424572AF200B77DF2 /* NewsSubscriptionsTableViewCell.swift */; };
		FA1AA73623950E450092559B /* MenuNavigationController.swift in Sources */ = {isa = PBXBuildFile; fileRef = FA1AA73523950E450092559B /* MenuNavigationController.swift */; };
		FA1AA73A23950E680092559B /* MenuViewController.swift in Sources */ = {isa = PBXBuildFile; fileRef = FA1AA73923950E680092559B /* MenuViewController.swift */; };
		FA1AA73C23950E720092559B /* MenuViewModel.swift in Sources */ = {isa = PBXBuildFile; fileRef = FA1AA73B23950E720092559B /* MenuViewModel.swift */; };
		FA32609323940BF1004B1410 /* AppDelegate.swift in Sources */ = {isa = PBXBuildFile; fileRef = FA32609223940BF1004B1410 /* AppDelegate.swift */; };
		FA32609A23940BF1004B1410 /* Main.storyboard in Resources */ = {isa = PBXBuildFile; fileRef = FA32609823940BF1004B1410 /* Main.storyboard */; };
		FA32609C23940BF2004B1410 /* Assets.xcassets in Resources */ = {isa = PBXBuildFile; fileRef = FA32609B23940BF2004B1410 /* Assets.xcassets */; };
		FA32609F23940BF2004B1410 /* LaunchScreen.storyboard in Resources */ = {isa = PBXBuildFile; fileRef = FA32609D23940BF2004B1410 /* LaunchScreen.storyboard */; };
		FA3260AE23941110004B1410 /* ColorTheme.swift in Sources */ = {isa = PBXBuildFile; fileRef = FA3260AD23941110004B1410 /* ColorTheme.swift */; };
		FA3260B023941262004B1410 /* NetworkingManager.swift in Sources */ = {isa = PBXBuildFile; fileRef = FA3260AF23941262004B1410 /* NetworkingManager.swift */; };
		FA3260B3239412EB004B1410 /* AuditoriumsAdapter.swift in Sources */ = {isa = PBXBuildFile; fileRef = FA3260B2239412EB004B1410 /* AuditoriumsAdapter.swift */; };
		FA3260B62394133D004B1410 /* AuditoriumsProvider.swift in Sources */ = {isa = PBXBuildFile; fileRef = FA3260B52394133D004B1410 /* AuditoriumsProvider.swift */; };
		FA3260B823941357004B1410 /* NewsProvider.swift in Sources */ = {isa = PBXBuildFile; fileRef = FA3260B723941357004B1410 /* NewsProvider.swift */; };
		FA3260BA23941365004B1410 /* IISProvider.swift in Sources */ = {isa = PBXBuildFile; fileRef = FA3260B923941365004B1410 /* IISProvider.swift */; };
		FA3260BC2394136F004B1410 /* FilesProvider.swift in Sources */ = {isa = PBXBuildFile; fileRef = FA3260BB2394136F004B1410 /* FilesProvider.swift */; };
		FA3260BE2394137A004B1410 /* FilesAdapter.swift in Sources */ = {isa = PBXBuildFile; fileRef = FA3260BD2394137A004B1410 /* FilesAdapter.swift */; };
		FA3260C023941383004B1410 /* IISAdapter.swift in Sources */ = {isa = PBXBuildFile; fileRef = FA3260BF23941383004B1410 /* IISAdapter.swift */; };
		FA3260C223941390004B1410 /* NewsAdapter.swift in Sources */ = {isa = PBXBuildFile; fileRef = FA3260C123941390004B1410 /* NewsAdapter.swift */; };
		FA3260C523941455004B1410 /* Config.swift in Sources */ = {isa = PBXBuildFile; fileRef = FA3260C423941455004B1410 /* Config.swift */; };
		FA3260CA23941567004B1410 /* ProfileManager.swift in Sources */ = {isa = PBXBuildFile; fileRef = FA3260C923941567004B1410 /* ProfileManager.swift */; };
		FA3260CD239416DE004B1410 /* Enums.swift in Sources */ = {isa = PBXBuildFile; fileRef = FA3260CC239416DE004B1410 /* Enums.swift */; };
		FA3260CF23941ED5004B1410 /* UserParts.swift in Sources */ = {isa = PBXBuildFile; fileRef = FA3260CE23941ED5004B1410 /* UserParts.swift */; };
		FA3260D1239421C5004B1410 /* Auditorium.swift in Sources */ = {isa = PBXBuildFile; fileRef = FA3260D0239421C5004B1410 /* Auditorium.swift */; };
		FA3260D323942478004B1410 /* Building.swift in Sources */ = {isa = PBXBuildFile; fileRef = FA3260D223942478004B1410 /* Building.swift */; };
		FA3260D523942617004B1410 /* News.swift in Sources */ = {isa = PBXBuildFile; fileRef = FA3260D423942617004B1410 /* News.swift */; };
		FA3260D7239428F4004B1410 /* NewsList.swift in Sources */ = {isa = PBXBuildFile; fileRef = FA3260D6239428F4004B1410 /* NewsList.swift */; };
		FA3260D923943B94004B1410 /* Token.swift in Sources */ = {isa = PBXBuildFile; fileRef = FA3260D823943B94004B1410 /* Token.swift */; };
		FA3260DB23943C82004B1410 /* User.swift in Sources */ = {isa = PBXBuildFile; fileRef = FA3260DA23943C82004B1410 /* User.swift */; };
		FA3260DD23943E31004B1410 /* RecordBook.swift in Sources */ = {isa = PBXBuildFile; fileRef = FA3260DC23943E31004B1410 /* RecordBook.swift */; };
		FA3260DF23943FBC004B1410 /* Group.swift in Sources */ = {isa = PBXBuildFile; fileRef = FA3260DE23943FBC004B1410 /* Group.swift */; };
		FA3260E4239449AA004B1410 /* LaunchViewController.swift in Sources */ = {isa = PBXBuildFile; fileRef = FA3260E3239449AA004B1410 /* LaunchViewController.swift */; };
		FA3260E623944A1D004B1410 /* ViewControllerExt.swift in Sources */ = {isa = PBXBuildFile; fileRef = FA3260E523944A1D004B1410 /* ViewControllerExt.swift */; };
		FA3260E823944B81004B1410 /* LoginViewController.swift in Sources */ = {isa = PBXBuildFile; fileRef = FA3260E723944B81004B1410 /* LoginViewController.swift */; };
		FA3260EA23944B8C004B1410 /* LoginViewModel.swift in Sources */ = {isa = PBXBuildFile; fileRef = FA3260E923944B8C004B1410 /* LoginViewModel.swift */; };
		FA3260EC239453EB004B1410 /* TextFieldExt.swift in Sources */ = {isa = PBXBuildFile; fileRef = FA3260EB239453EB004B1410 /* TextFieldExt.swift */; };
		FA3260EF23945C09004B1410 /* NewsNavigationController.swift in Sources */ = {isa = PBXBuildFile; fileRef = FA3260EE23945C09004B1410 /* NewsNavigationController.swift */; };
		FA3260F323945C3D004B1410 /* NewsViewController.swift in Sources */ = {isa = PBXBuildFile; fileRef = FA3260F223945C3D004B1410 /* NewsViewController.swift */; };
		FA3260F523945C46004B1410 /* NewsViewModel.swift in Sources */ = {isa = PBXBuildFile; fileRef = FA3260F423945C46004B1410 /* NewsViewModel.swift */; };
		FA3260F723946085004B1410 /* NewsTableViewCell.swift in Sources */ = {isa = PBXBuildFile; fileRef = FA3260F623946085004B1410 /* NewsTableViewCell.swift */; };
		FA3260F9239463CC004B1410 /* DateExt.swift in Sources */ = {isa = PBXBuildFile; fileRef = FA3260F8239463CC004B1410 /* DateExt.swift */; };
		FA3260FC239466AF004B1410 /* EmptyBackgroundView.swift in Sources */ = {isa = PBXBuildFile; fileRef = FA3260FB239466AF004B1410 /* EmptyBackgroundView.swift */; };
		FA3261032394789B004B1410 /* NewsDetailsViewController.swift in Sources */ = {isa = PBXBuildFile; fileRef = FA3261022394789B004B1410 /* NewsDetailsViewController.swift */; };
		FA36D6AC23A2492D00714FCF /* MarkCell.swift in Sources */ = {isa = PBXBuildFile; fileRef = FA36D6AB23A2492D00714FCF /* MarkCell.swift */; };
		FA37EDD2245F032400BC502C /* AuthenticationServices.framework in Frameworks */ = {isa = PBXBuildFile; fileRef = FA37EDD1245F032400BC502C /* AuthenticationServices.framework */; };
		FA37EDD4245F054300BC502C /* NotificationsProvider.swift in Sources */ = {isa = PBXBuildFile; fileRef = FA37EDD3245F054300BC502C /* NotificationsProvider.swift */; };
		FA37EDD6245F063200BC502C /* NotificationsAdapter.swift in Sources */ = {isa = PBXBuildFile; fileRef = FA37EDD5245F063200BC502C /* NotificationsAdapter.swift */; };
		FA3B4EA22454570A00F01AC2 /* UIImageExt.swift in Sources */ = {isa = PBXBuildFile; fileRef = FA3B4EA12454570A00F01AC2 /* UIImageExt.swift */; };
		FA3B4EA82454B45800F01AC2 /* NewsDetailsViewModel.swift in Sources */ = {isa = PBXBuildFile; fileRef = FA3B4EA72454B45800F01AC2 /* NewsDetailsViewModel.swift */; };
		FA64D385239DC10700E96C11 /* AuditoriumsListViewController.swift in Sources */ = {isa = PBXBuildFile; fileRef = FA64D384239DC10700E96C11 /* AuditoriumsListViewController.swift */; };
		FA64D387239DC22E00E96C11 /* AuditoriumListTableViewCell.swift in Sources */ = {isa = PBXBuildFile; fileRef = FA64D386239DC22E00E96C11 /* AuditoriumListTableViewCell.swift */; };
		FA69F55E239D9652006A953E /* BuildingsCache.swift in Sources */ = {isa = PBXBuildFile; fileRef = FA69F55D239D9652006A953E /* BuildingsCache.swift */; };
		FA69F560239D9674006A953E /* BuildingCache.swift in Sources */ = {isa = PBXBuildFile; fileRef = FA69F55F239D9674006A953E /* BuildingCache.swift */; };
		FA69F563239DA059006A953E /* FreeAuditoriumsViewController.swift in Sources */ = {isa = PBXBuildFile; fileRef = FA69F562239DA059006A953E /* FreeAuditoriumsViewController.swift */; };
		FA6D4B6323A1B10E00390B9D /* SettingsViewController.swift in Sources */ = {isa = PBXBuildFile; fileRef = FA6D4B6223A1B10E00390B9D /* SettingsViewController.swift */; };
		FA6D4B6523A1B11900390B9D /* SettingsViewModel.swift in Sources */ = {isa = PBXBuildFile; fileRef = FA6D4B6423A1B11900390B9D /* SettingsViewModel.swift */; };
		FA765CFD23A17796001CC348 /* AllAuditoriumsViewController.swift in Sources */ = {isa = PBXBuildFile; fileRef = FA765CFC23A17796001CC348 /* AllAuditoriumsViewController.swift */; };
		FA765CFF23A177A0001CC348 /* AllAuditoriumsViewModel.swift in Sources */ = {isa = PBXBuildFile; fileRef = FA765CFE23A177A0001CC348 /* AllAuditoriumsViewModel.swift */; };
		FA765D0223A18CE1001CC348 /* UserCache.swift in Sources */ = {isa = PBXBuildFile; fileRef = FA765D0123A18CE0001CC348 /* UserCache.swift */; };
		FA765D0423A18CF3001CC348 /* EducationCache.swift in Sources */ = {isa = PBXBuildFile; fileRef = FA765D0323A18CF3001CC348 /* EducationCache.swift */; };
		FA765D0623A18CFF001CC348 /* SkillCache.swift in Sources */ = {isa = PBXBuildFile; fileRef = FA765D0523A18CFF001CC348 /* SkillCache.swift */; };
		FA765D0823A18D0B001CC348 /* ReferenceCache.swift in Sources */ = {isa = PBXBuildFile; fileRef = FA765D0723A18D0B001CC348 /* ReferenceCache.swift */; };
		FA765D0A23A18D16001CC348 /* SettingsCache.swift in Sources */ = {isa = PBXBuildFile; fileRef = FA765D0923A18D16001CC348 /* SettingsCache.swift */; };
		FA765D0D23A19740001CC348 /* ProfileViewController.swift in Sources */ = {isa = PBXBuildFile; fileRef = FA765D0C23A19740001CC348 /* ProfileViewController.swift */; };
		FA765D0F23A19751001CC348 /* ProfileViewModel.swift in Sources */ = {isa = PBXBuildFile; fileRef = FA765D0E23A19751001CC348 /* ProfileViewModel.swift */; };
		FA83A6C623A1A48800BF5ABD /* GroupViewController.swift in Sources */ = {isa = PBXBuildFile; fileRef = FA83A6C523A1A48800BF5ABD /* GroupViewController.swift */; };
		FA83A6C823A1A49500BF5ABD /* GroupViewModel.swift in Sources */ = {isa = PBXBuildFile; fileRef = FA83A6C723A1A49500BF5ABD /* GroupViewModel.swift */; };
		FA83A6CC23A1A4AE00BF5ABD /* GroupMemberCell.swift in Sources */ = {isa = PBXBuildFile; fileRef = FA83A6CB23A1A4AE00BF5ABD /* GroupMemberCell.swift */; };
		FA83A6CF23A1A93000BF5ABD /* GroupMateCache.swift in Sources */ = {isa = PBXBuildFile; fileRef = FA83A6CE23A1A93000BF5ABD /* GroupMateCache.swift */; };
		FA83A6D123A1A9C400BF5ABD /* GroupCache.swift in Sources */ = {isa = PBXBuildFile; fileRef = FA83A6D023A1A9C400BF5ABD /* GroupCache.swift */; };
		FA92A52C245DCE2100511BDA /* SubscriptionsCache.swift in Sources */ = {isa = PBXBuildFile; fileRef = FA92A52B245DCE2100511BDA /* SubscriptionsCache.swift */; };
		FA92A52E245DD1D300511BDA /* SourceCache.swift in Sources */ = {isa = PBXBuildFile; fileRef = FA92A52D245DD1D300511BDA /* SourceCache.swift */; };
		FA92A535245ECC6C00511BDA /* Menu.storyboard in Resources */ = {isa = PBXBuildFile; fileRef = FA92A537245ECC6C00511BDA /* Menu.storyboard */; };
		FA92A53C245ECDA000511BDA /* Auditoriums.storyboard in Resources */ = {isa = PBXBuildFile; fileRef = FA92A53E245ECDA000511BDA /* Auditoriums.storyboard */; };
		FA92A543245ECE0000511BDA /* News.storyboard in Resources */ = {isa = PBXBuildFile; fileRef = FA92A545245ECE0000511BDA /* News.storyboard */; };
		FA92A54A245ECEB800511BDA /* EmptyBackgroundView.xib in Resources */ = {isa = PBXBuildFile; fileRef = FA92A54C245ECEB800511BDA /* EmptyBackgroundView.xib */; };
		FA92A553245ECF4200511BDA /* Localizable.strings in Resources */ = {isa = PBXBuildFile; fileRef = FA92A555245ECF4200511BDA /* Localizable.strings */; };
		FA92A557245ED6C700511BDA /* MarkCell.xib in Resources */ = {isa = PBXBuildFile; fileRef = FA92A559245ED6C700511BDA /* MarkCell.xib */; };
		FA92A55E245ED71B00511BDA /* Semester.xib in Resources */ = {isa = PBXBuildFile; fileRef = FA92A560245ED71B00511BDA /* Semester.xib */; };
		FA9922B92415713500796EDC /* Sort.swift in Sources */ = {isa = PBXBuildFile; fileRef = FA9922B82415713500796EDC /* Sort.swift */; };
		FA9922BB241571E800796EDC /* Filter.swift in Sources */ = {isa = PBXBuildFile; fileRef = FA9922BA241571E800796EDC /* Filter.swift */; };
		FAA6A2F524561AFA0015B9B5 /* NewsCollectionViewCell.swift in Sources */ = {isa = PBXBuildFile; fileRef = FAA6A2F424561AFA0015B9B5 /* NewsCollectionViewCell.swift */; };
		FAA6A2F8245635870015B9B5 /* NewsSubscriptionsViewController.swift in Sources */ = {isa = PBXBuildFile; fileRef = FAA6A2F7245635870015B9B5 /* NewsSubscriptionsViewController.swift */; };
		FAA6A2FA245635900015B9B5 /* NewsSubscriptionsViewModel.swift in Sources */ = {isa = PBXBuildFile; fileRef = FAA6A2F9245635900015B9B5 /* NewsSubscriptionsViewModel.swift */; };
		FAA7F71A23A22D540095783E /* RecordBookCache.swift in Sources */ = {isa = PBXBuildFile; fileRef = FAA7F71923A22D540095783E /* RecordBookCache.swift */; };
		FAA7F71C23A22D760095783E /* SemesterCache.swift in Sources */ = {isa = PBXBuildFile; fileRef = FAA7F71B23A22D760095783E /* SemesterCache.swift */; };
		FAA7F71E23A22DC40095783E /* MarkCache.swift in Sources */ = {isa = PBXBuildFile; fileRef = FAA7F71D23A22DC40095783E /* MarkCache.swift */; };
		FAA7F72023A22DE80095783E /* SubjectStatisticsCache.swift in Sources */ = {isa = PBXBuildFile; fileRef = FAA7F71F23A22DE80095783E /* SubjectStatisticsCache.swift */; };
		FAA7F72323A234160095783E /* RecordBookViewController.swift in Sources */ = {isa = PBXBuildFile; fileRef = FAA7F72223A234160095783E /* RecordBookViewController.swift */; };
		FAA7F72523A234200095783E /* RecordBookViewModel.swift in Sources */ = {isa = PBXBuildFile; fileRef = FAA7F72423A234200095783E /* RecordBookViewModel.swift */; };
		FAA7F72723A23D270095783E /* SemesterView.swift in Sources */ = {isa = PBXBuildFile; fileRef = FAA7F72623A23D270095783E /* SemesterView.swift */; };
		FAB058FE239CEFFF00664358 /* NewsFilterViewController.swift in Sources */ = {isa = PBXBuildFile; fileRef = FAB058FD239CEFFF00664358 /* NewsFilterViewController.swift */; };
		FAB05900239CF00900664358 /* NewsFilterViewModel.swift in Sources */ = {isa = PBXBuildFile; fileRef = FAB058FF239CF00900664358 /* NewsFilterViewModel.swift */; };
		FAB05905239D102C00664358 /* FilterCache.swift in Sources */ = {isa = PBXBuildFile; fileRef = FAB05904239D102C00664358 /* FilterCache.swift */; };
		FAB05907239D103B00664358 /* DataManager.swift in Sources */ = {isa = PBXBuildFile; fileRef = FAB05906239D103B00664358 /* DataManager.swift */; };
		FAB0590A239D471600664358 /* StringExt.swift in Sources */ = {isa = PBXBuildFile; fileRef = FAB05909239D471600664358 /* StringExt.swift */; };
		FAB0590D239D57C200664358 /* AuditoriumsViewController.swift in Sources */ = {isa = PBXBuildFile; fileRef = FAB0590C239D57C200664358 /* AuditoriumsViewController.swift */; };
		FAB0590F239D57CB00664358 /* FreeAuditoriumsViewModel.swift in Sources */ = {isa = PBXBuildFile; fileRef = FAB0590E239D57CB00664358 /* FreeAuditoriumsViewModel.swift */; };
		FAB05913239D57EF00664358 /* AuditoriumsNavigationController.swift in Sources */ = {isa = PBXBuildFile; fileRef = FAB05912239D57EF00664358 /* AuditoriumsNavigationController.swift */; };
		FAB05916239D5F6D00664358 /* FilesViewController.swift in Sources */ = {isa = PBXBuildFile; fileRef = FAB05915239D5F6D00664358 /* FilesViewController.swift */; };
		FAB05918239D5F7600664358 /* Files.storyboard in Resources */ = {isa = PBXBuildFile; fileRef = FAB05917239D5F7600664358 /* Files.storyboard */; };
		FAB0591A239D5F8600664358 /* FilesNavigationController.swift in Sources */ = {isa = PBXBuildFile; fileRef = FAB05919239D5F8600664358 /* FilesNavigationController.swift */; };
		FAB0591C239D5F9100664358 /* FilesViewModel.swift in Sources */ = {isa = PBXBuildFile; fileRef = FAB0591B239D5F9100664358 /* FilesViewModel.swift */; };
/* End PBXBuildFile section */

/* Begin PBXFileReference section */
		112FDD627729347556FF94E8 /* Pods-BsuirAdditionalApp.release.xcconfig */ = {isa = PBXFileReference; includeInIndex = 1; lastKnownFileType = text.xcconfig; name = "Pods-BsuirAdditionalApp.release.xcconfig"; path = "Target Support Files/Pods-BsuirAdditionalApp/Pods-BsuirAdditionalApp.release.xcconfig"; sourceTree = "<group>"; };
		6608CE897E25F119F72AB452 /* Pods-BsuirAdditionalApp.debug.xcconfig */ = {isa = PBXFileReference; includeInIndex = 1; lastKnownFileType = text.xcconfig; name = "Pods-BsuirAdditionalApp.debug.xcconfig"; path = "Target Support Files/Pods-BsuirAdditionalApp/Pods-BsuirAdditionalApp.debug.xcconfig"; sourceTree = "<group>"; };
		7B1DCCF9E11A81C0BA5FF588 /* Pods_BsuirAdditionalApp.framework */ = {isa = PBXFileReference; explicitFileType = wrapper.framework; includeInIndex = 0; path = Pods_BsuirAdditionalApp.framework; sourceTree = BUILT_PRODUCTS_DIR; };
		FA0DC4A424572AF200B77DF2 /* NewsSubscriptionsTableViewCell.swift */ = {isa = PBXFileReference; lastKnownFileType = sourcecode.swift; path = NewsSubscriptionsTableViewCell.swift; sourceTree = "<group>"; };
		FA1AA73523950E450092559B /* MenuNavigationController.swift */ = {isa = PBXFileReference; lastKnownFileType = sourcecode.swift; path = MenuNavigationController.swift; sourceTree = "<group>"; };
		FA1AA73923950E680092559B /* MenuViewController.swift */ = {isa = PBXFileReference; lastKnownFileType = sourcecode.swift; path = MenuViewController.swift; sourceTree = "<group>"; };
		FA1AA73B23950E720092559B /* MenuViewModel.swift */ = {isa = PBXFileReference; lastKnownFileType = sourcecode.swift; path = MenuViewModel.swift; sourceTree = "<group>"; };
		FA32608F23940BF1004B1410 /* Bsuir.Student.app */ = {isa = PBXFileReference; explicitFileType = wrapper.application; includeInIndex = 0; path = Bsuir.Student.app; sourceTree = BUILT_PRODUCTS_DIR; };
		FA32609223940BF1004B1410 /* AppDelegate.swift */ = {isa = PBXFileReference; lastKnownFileType = sourcecode.swift; path = AppDelegate.swift; sourceTree = "<group>"; };
		FA32609923940BF1004B1410 /* Base */ = {isa = PBXFileReference; lastKnownFileType = file.storyboard; name = Base; path = Base.lproj/Main.storyboard; sourceTree = "<group>"; };
		FA32609B23940BF2004B1410 /* Assets.xcassets */ = {isa = PBXFileReference; lastKnownFileType = folder.assetcatalog; path = Assets.xcassets; sourceTree = "<group>"; };
		FA32609E23940BF2004B1410 /* Base */ = {isa = PBXFileReference; lastKnownFileType = file.storyboard; name = Base; path = Base.lproj/LaunchScreen.storyboard; sourceTree = "<group>"; };
		FA3260A023940BF2004B1410 /* Info.plist */ = {isa = PBXFileReference; lastKnownFileType = text.plist.xml; path = Info.plist; sourceTree = "<group>"; };
		FA3260AD23941110004B1410 /* ColorTheme.swift */ = {isa = PBXFileReference; lastKnownFileType = sourcecode.swift; path = ColorTheme.swift; sourceTree = "<group>"; };
		FA3260AF23941262004B1410 /* NetworkingManager.swift */ = {isa = PBXFileReference; lastKnownFileType = sourcecode.swift; path = NetworkingManager.swift; sourceTree = "<group>"; };
		FA3260B2239412EB004B1410 /* AuditoriumsAdapter.swift */ = {isa = PBXFileReference; lastKnownFileType = sourcecode.swift; path = AuditoriumsAdapter.swift; sourceTree = "<group>"; };
		FA3260B52394133D004B1410 /* AuditoriumsProvider.swift */ = {isa = PBXFileReference; lastKnownFileType = sourcecode.swift; name = AuditoriumsProvider.swift; path = BsuirAdditionalApp/Networking/Providers/AuditoriumsProvider.swift; sourceTree = SOURCE_ROOT; };
		FA3260B723941357004B1410 /* NewsProvider.swift */ = {isa = PBXFileReference; lastKnownFileType = sourcecode.swift; path = NewsProvider.swift; sourceTree = "<group>"; };
		FA3260B923941365004B1410 /* IISProvider.swift */ = {isa = PBXFileReference; lastKnownFileType = sourcecode.swift; path = IISProvider.swift; sourceTree = "<group>"; };
		FA3260BB2394136F004B1410 /* FilesProvider.swift */ = {isa = PBXFileReference; lastKnownFileType = sourcecode.swift; path = FilesProvider.swift; sourceTree = "<group>"; };
		FA3260BD2394137A004B1410 /* FilesAdapter.swift */ = {isa = PBXFileReference; lastKnownFileType = sourcecode.swift; path = FilesAdapter.swift; sourceTree = "<group>"; };
		FA3260BF23941383004B1410 /* IISAdapter.swift */ = {isa = PBXFileReference; lastKnownFileType = sourcecode.swift; path = IISAdapter.swift; sourceTree = "<group>"; };
		FA3260C123941390004B1410 /* NewsAdapter.swift */ = {isa = PBXFileReference; lastKnownFileType = sourcecode.swift; path = NewsAdapter.swift; sourceTree = "<group>"; };
		FA3260C423941455004B1410 /* Config.swift */ = {isa = PBXFileReference; lastKnownFileType = sourcecode.swift; path = Config.swift; sourceTree = "<group>"; };
		FA3260C623941469004B1410 /* Debug.xcconfig */ = {isa = PBXFileReference; lastKnownFileType = text.xcconfig; path = Debug.xcconfig; sourceTree = "<group>"; };
		FA3260C723941471004B1410 /* Release.xcconfig */ = {isa = PBXFileReference; lastKnownFileType = text.xcconfig; path = Release.xcconfig; sourceTree = "<group>"; };
		FA3260C923941567004B1410 /* ProfileManager.swift */ = {isa = PBXFileReference; lastKnownFileType = sourcecode.swift; path = ProfileManager.swift; sourceTree = "<group>"; };
		FA3260CC239416DE004B1410 /* Enums.swift */ = {isa = PBXFileReference; lastKnownFileType = sourcecode.swift; path = Enums.swift; sourceTree = "<group>"; };
		FA3260CE23941ED5004B1410 /* UserParts.swift */ = {isa = PBXFileReference; lastKnownFileType = sourcecode.swift; path = UserParts.swift; sourceTree = "<group>"; };
		FA3260D0239421C5004B1410 /* Auditorium.swift */ = {isa = PBXFileReference; lastKnownFileType = sourcecode.swift; path = Auditorium.swift; sourceTree = "<group>"; };
		FA3260D223942478004B1410 /* Building.swift */ = {isa = PBXFileReference; lastKnownFileType = sourcecode.swift; path = Building.swift; sourceTree = "<group>"; };
		FA3260D423942617004B1410 /* News.swift */ = {isa = PBXFileReference; lastKnownFileType = sourcecode.swift; path = News.swift; sourceTree = "<group>"; };
		FA3260D6239428F4004B1410 /* NewsList.swift */ = {isa = PBXFileReference; lastKnownFileType = sourcecode.swift; path = NewsList.swift; sourceTree = "<group>"; };
		FA3260D823943B94004B1410 /* Token.swift */ = {isa = PBXFileReference; lastKnownFileType = sourcecode.swift; path = Token.swift; sourceTree = "<group>"; };
		FA3260DA23943C82004B1410 /* User.swift */ = {isa = PBXFileReference; lastKnownFileType = sourcecode.swift; path = User.swift; sourceTree = "<group>"; };
		FA3260DC23943E31004B1410 /* RecordBook.swift */ = {isa = PBXFileReference; lastKnownFileType = sourcecode.swift; path = RecordBook.swift; sourceTree = "<group>"; };
		FA3260DE23943FBC004B1410 /* Group.swift */ = {isa = PBXFileReference; lastKnownFileType = sourcecode.swift; path = Group.swift; sourceTree = "<group>"; };
		FA3260E3239449AA004B1410 /* LaunchViewController.swift */ = {isa = PBXFileReference; lastKnownFileType = sourcecode.swift; path = LaunchViewController.swift; sourceTree = "<group>"; };
		FA3260E523944A1D004B1410 /* ViewControllerExt.swift */ = {isa = PBXFileReference; lastKnownFileType = sourcecode.swift; path = ViewControllerExt.swift; sourceTree = "<group>"; };
		FA3260E723944B81004B1410 /* LoginViewController.swift */ = {isa = PBXFileReference; lastKnownFileType = sourcecode.swift; path = LoginViewController.swift; sourceTree = "<group>"; };
		FA3260E923944B8C004B1410 /* LoginViewModel.swift */ = {isa = PBXFileReference; lastKnownFileType = sourcecode.swift; path = LoginViewModel.swift; sourceTree = "<group>"; };
		FA3260EB239453EB004B1410 /* TextFieldExt.swift */ = {isa = PBXFileReference; lastKnownFileType = sourcecode.swift; path = TextFieldExt.swift; sourceTree = "<group>"; };
		FA3260EE23945C09004B1410 /* NewsNavigationController.swift */ = {isa = PBXFileReference; lastKnownFileType = sourcecode.swift; path = NewsNavigationController.swift; sourceTree = "<group>"; };
		FA3260F223945C3D004B1410 /* NewsViewController.swift */ = {isa = PBXFileReference; lastKnownFileType = sourcecode.swift; path = NewsViewController.swift; sourceTree = "<group>"; };
		FA3260F423945C46004B1410 /* NewsViewModel.swift */ = {isa = PBXFileReference; lastKnownFileType = sourcecode.swift; path = NewsViewModel.swift; sourceTree = "<group>"; };
		FA3260F623946085004B1410 /* NewsTableViewCell.swift */ = {isa = PBXFileReference; lastKnownFileType = sourcecode.swift; path = NewsTableViewCell.swift; sourceTree = "<group>"; };
		FA3260F8239463CC004B1410 /* DateExt.swift */ = {isa = PBXFileReference; lastKnownFileType = sourcecode.swift; path = DateExt.swift; sourceTree = "<group>"; };
		FA3260FB239466AF004B1410 /* EmptyBackgroundView.swift */ = {isa = PBXFileReference; lastKnownFileType = sourcecode.swift; path = EmptyBackgroundView.swift; sourceTree = "<group>"; };
		FA3261022394789B004B1410 /* NewsDetailsViewController.swift */ = {isa = PBXFileReference; lastKnownFileType = sourcecode.swift; path = NewsDetailsViewController.swift; sourceTree = "<group>"; };
		FA36D6AB23A2492D00714FCF /* MarkCell.swift */ = {isa = PBXFileReference; lastKnownFileType = sourcecode.swift; path = MarkCell.swift; sourceTree = "<group>"; };
		FA37EDD0245F031700BC502C /* Bsuir.Student.entitlements */ = {isa = PBXFileReference; lastKnownFileType = text.plist.entitlements; path = Bsuir.Student.entitlements; sourceTree = "<group>"; };
		FA37EDD1245F032400BC502C /* AuthenticationServices.framework */ = {isa = PBXFileReference; lastKnownFileType = wrapper.framework; name = AuthenticationServices.framework; path = System/Library/Frameworks/AuthenticationServices.framework; sourceTree = SDKROOT; };
		FA37EDD3245F054300BC502C /* NotificationsProvider.swift */ = {isa = PBXFileReference; lastKnownFileType = sourcecode.swift; path = NotificationsProvider.swift; sourceTree = "<group>"; };
		FA37EDD5245F063200BC502C /* NotificationsAdapter.swift */ = {isa = PBXFileReference; lastKnownFileType = sourcecode.swift; path = NotificationsAdapter.swift; sourceTree = "<group>"; };
		FA3B4EA12454570A00F01AC2 /* UIImageExt.swift */ = {isa = PBXFileReference; lastKnownFileType = sourcecode.swift; path = UIImageExt.swift; sourceTree = "<group>"; };
		FA3B4EA72454B45800F01AC2 /* NewsDetailsViewModel.swift */ = {isa = PBXFileReference; lastKnownFileType = sourcecode.swift; path = NewsDetailsViewModel.swift; sourceTree = "<group>"; };
		FA64D384239DC10700E96C11 /* AuditoriumsListViewController.swift */ = {isa = PBXFileReference; lastKnownFileType = sourcecode.swift; path = AuditoriumsListViewController.swift; sourceTree = "<group>"; };
		FA64D386239DC22E00E96C11 /* AuditoriumListTableViewCell.swift */ = {isa = PBXFileReference; lastKnownFileType = sourcecode.swift; path = AuditoriumListTableViewCell.swift; sourceTree = "<group>"; };
		FA69F55D239D9652006A953E /* BuildingsCache.swift */ = {isa = PBXFileReference; lastKnownFileType = sourcecode.swift; path = BuildingsCache.swift; sourceTree = "<group>"; };
		FA69F55F239D9674006A953E /* BuildingCache.swift */ = {isa = PBXFileReference; lastKnownFileType = sourcecode.swift; path = BuildingCache.swift; sourceTree = "<group>"; };
		FA69F562239DA059006A953E /* FreeAuditoriumsViewController.swift */ = {isa = PBXFileReference; lastKnownFileType = sourcecode.swift; path = FreeAuditoriumsViewController.swift; sourceTree = "<group>"; };
		FA6D4B6223A1B10E00390B9D /* SettingsViewController.swift */ = {isa = PBXFileReference; lastKnownFileType = sourcecode.swift; path = SettingsViewController.swift; sourceTree = "<group>"; };
		FA6D4B6423A1B11900390B9D /* SettingsViewModel.swift */ = {isa = PBXFileReference; lastKnownFileType = sourcecode.swift; path = SettingsViewModel.swift; sourceTree = "<group>"; };
		FA765CFC23A17796001CC348 /* AllAuditoriumsViewController.swift */ = {isa = PBXFileReference; lastKnownFileType = sourcecode.swift; path = AllAuditoriumsViewController.swift; sourceTree = "<group>"; };
		FA765CFE23A177A0001CC348 /* AllAuditoriumsViewModel.swift */ = {isa = PBXFileReference; lastKnownFileType = sourcecode.swift; path = AllAuditoriumsViewModel.swift; sourceTree = "<group>"; };
		FA765D0123A18CE0001CC348 /* UserCache.swift */ = {isa = PBXFileReference; lastKnownFileType = sourcecode.swift; path = UserCache.swift; sourceTree = "<group>"; };
		FA765D0323A18CF3001CC348 /* EducationCache.swift */ = {isa = PBXFileReference; lastKnownFileType = sourcecode.swift; path = EducationCache.swift; sourceTree = "<group>"; };
		FA765D0523A18CFF001CC348 /* SkillCache.swift */ = {isa = PBXFileReference; lastKnownFileType = sourcecode.swift; path = SkillCache.swift; sourceTree = "<group>"; };
		FA765D0723A18D0B001CC348 /* ReferenceCache.swift */ = {isa = PBXFileReference; lastKnownFileType = sourcecode.swift; path = ReferenceCache.swift; sourceTree = "<group>"; };
		FA765D0923A18D16001CC348 /* SettingsCache.swift */ = {isa = PBXFileReference; lastKnownFileType = sourcecode.swift; path = SettingsCache.swift; sourceTree = "<group>"; };
		FA765D0C23A19740001CC348 /* ProfileViewController.swift */ = {isa = PBXFileReference; lastKnownFileType = sourcecode.swift; path = ProfileViewController.swift; sourceTree = "<group>"; };
		FA765D0E23A19751001CC348 /* ProfileViewModel.swift */ = {isa = PBXFileReference; lastKnownFileType = sourcecode.swift; path = ProfileViewModel.swift; sourceTree = "<group>"; };
		FA83A6C523A1A48800BF5ABD /* GroupViewController.swift */ = {isa = PBXFileReference; lastKnownFileType = sourcecode.swift; path = GroupViewController.swift; sourceTree = "<group>"; };
		FA83A6C723A1A49500BF5ABD /* GroupViewModel.swift */ = {isa = PBXFileReference; lastKnownFileType = sourcecode.swift; path = GroupViewModel.swift; sourceTree = "<group>"; };
		FA83A6CB23A1A4AE00BF5ABD /* GroupMemberCell.swift */ = {isa = PBXFileReference; lastKnownFileType = sourcecode.swift; path = GroupMemberCell.swift; sourceTree = "<group>"; };
		FA83A6CE23A1A93000BF5ABD /* GroupMateCache.swift */ = {isa = PBXFileReference; lastKnownFileType = sourcecode.swift; path = GroupMateCache.swift; sourceTree = "<group>"; };
		FA83A6D023A1A9C400BF5ABD /* GroupCache.swift */ = {isa = PBXFileReference; lastKnownFileType = sourcecode.swift; path = GroupCache.swift; sourceTree = "<group>"; };
		FA92A52B245DCE2100511BDA /* SubscriptionsCache.swift */ = {isa = PBXFileReference; lastKnownFileType = sourcecode.swift; path = SubscriptionsCache.swift; sourceTree = "<group>"; };
		FA92A52D245DD1D300511BDA /* SourceCache.swift */ = {isa = PBXFileReference; lastKnownFileType = sourcecode.swift; path = SourceCache.swift; sourceTree = "<group>"; };
		FA92A52F245ECC0A00511BDA /* ru */ = {isa = PBXFileReference; lastKnownFileType = text.plist.strings; name = ru; path = ru.lproj/Main.strings; sourceTree = "<group>"; };
		FA92A530245ECC0A00511BDA /* ru */ = {isa = PBXFileReference; lastKnownFileType = text.plist.strings; name = ru; path = ru.lproj/LaunchScreen.strings; sourceTree = "<group>"; };
		FA92A532245ECC2900511BDA /* en */ = {isa = PBXFileReference; lastKnownFileType = text.plist.strings; name = en; path = en.lproj/Main.strings; sourceTree = "<group>"; };
		FA92A534245ECC5000511BDA /* en */ = {isa = PBXFileReference; lastKnownFileType = text.plist.strings; name = en; path = en.lproj/LaunchScreen.strings; sourceTree = "<group>"; };
		FA92A536245ECC6C00511BDA /* Base */ = {isa = PBXFileReference; lastKnownFileType = file.storyboard; name = Base; path = Base.lproj/Menu.storyboard; sourceTree = "<group>"; };
		FA92A539245ECC7000511BDA /* en */ = {isa = PBXFileReference; lastKnownFileType = text.plist.strings; name = en; path = en.lproj/Menu.strings; sourceTree = "<group>"; };
		FA92A53B245ECC7300511BDA /* ru */ = {isa = PBXFileReference; lastKnownFileType = text.plist.strings; name = ru; path = ru.lproj/Menu.strings; sourceTree = "<group>"; };
		FA92A53D245ECDA000511BDA /* Base */ = {isa = PBXFileReference; lastKnownFileType = file.storyboard; name = Base; path = Base.lproj/Auditoriums.storyboard; sourceTree = "<group>"; };
		FA92A540245ECDA400511BDA /* en */ = {isa = PBXFileReference; lastKnownFileType = text.plist.strings; name = en; path = en.lproj/Auditoriums.strings; sourceTree = "<group>"; };
		FA92A542245ECDA500511BDA /* ru */ = {isa = PBXFileReference; lastKnownFileType = text.plist.strings; name = ru; path = ru.lproj/Auditoriums.strings; sourceTree = "<group>"; };
		FA92A544245ECE0000511BDA /* Base */ = {isa = PBXFileReference; lastKnownFileType = file.storyboard; name = Base; path = Base.lproj/News.storyboard; sourceTree = "<group>"; };
		FA92A547245ECE0800511BDA /* en */ = {isa = PBXFileReference; lastKnownFileType = text.plist.strings; name = en; path = en.lproj/News.strings; sourceTree = "<group>"; };
		FA92A549245ECE0900511BDA /* ru */ = {isa = PBXFileReference; lastKnownFileType = text.plist.strings; name = ru; path = ru.lproj/News.strings; sourceTree = "<group>"; };
		FA92A54B245ECEB800511BDA /* Base */ = {isa = PBXFileReference; lastKnownFileType = file.xib; name = Base; path = Base.lproj/EmptyBackgroundView.xib; sourceTree = "<group>"; };
		FA92A54E245ECEBC00511BDA /* en */ = {isa = PBXFileReference; lastKnownFileType = text.plist.strings; name = en; path = en.lproj/EmptyBackgroundView.strings; sourceTree = "<group>"; };
		FA92A550245ECEBE00511BDA /* ru */ = {isa = PBXFileReference; lastKnownFileType = text.plist.strings; name = ru; path = ru.lproj/EmptyBackgroundView.strings; sourceTree = "<group>"; };
		FA92A554245ECF4200511BDA /* en */ = {isa = PBXFileReference; lastKnownFileType = text.plist.strings; name = en; path = en.lproj/Localizable.strings; sourceTree = "<group>"; };
		FA92A556245ECF4400511BDA /* ru */ = {isa = PBXFileReference; lastKnownFileType = text.plist.strings; name = ru; path = ru.lproj/Localizable.strings; sourceTree = "<group>"; };
		FA92A558245ED6C700511BDA /* Base */ = {isa = PBXFileReference; lastKnownFileType = file.xib; name = Base; path = Base.lproj/MarkCell.xib; sourceTree = "<group>"; };
		FA92A55B245ED6CA00511BDA /* en */ = {isa = PBXFileReference; lastKnownFileType = text.plist.strings; name = en; path = en.lproj/MarkCell.strings; sourceTree = "<group>"; };
		FA92A55D245ED6CB00511BDA /* ru */ = {isa = PBXFileReference; lastKnownFileType = text.plist.strings; name = ru; path = ru.lproj/MarkCell.strings; sourceTree = "<group>"; };
		FA92A55F245ED71B00511BDA /* Base */ = {isa = PBXFileReference; lastKnownFileType = file.xib; name = Base; path = Base.lproj/Semester.xib; sourceTree = "<group>"; };
		FA92A562245ED71E00511BDA /* en */ = {isa = PBXFileReference; lastKnownFileType = text.plist.strings; name = en; path = en.lproj/Semester.strings; sourceTree = "<group>"; };
		FA92A564245ED71F00511BDA /* ru */ = {isa = PBXFileReference; lastKnownFileType = text.plist.strings; name = ru; path = ru.lproj/Semester.strings; sourceTree = "<group>"; };
		FA9922B82415713500796EDC /* Sort.swift */ = {isa = PBXFileReference; lastKnownFileType = sourcecode.swift; path = Sort.swift; sourceTree = "<group>"; };
		FA9922BA241571E800796EDC /* Filter.swift */ = {isa = PBXFileReference; lastKnownFileType = sourcecode.swift; path = Filter.swift; sourceTree = "<group>"; };
		FAA6A2F424561AFA0015B9B5 /* NewsCollectionViewCell.swift */ = {isa = PBXFileReference; lastKnownFileType = sourcecode.swift; path = NewsCollectionViewCell.swift; sourceTree = "<group>"; };
		FAA6A2F7245635870015B9B5 /* NewsSubscriptionsViewController.swift */ = {isa = PBXFileReference; lastKnownFileType = sourcecode.swift; path = NewsSubscriptionsViewController.swift; sourceTree = "<group>"; };
		FAA6A2F9245635900015B9B5 /* NewsSubscriptionsViewModel.swift */ = {isa = PBXFileReference; lastKnownFileType = sourcecode.swift; path = NewsSubscriptionsViewModel.swift; sourceTree = "<group>"; };
		FAA7F71923A22D540095783E /* RecordBookCache.swift */ = {isa = PBXFileReference; lastKnownFileType = sourcecode.swift; path = RecordBookCache.swift; sourceTree = "<group>"; };
		FAA7F71B23A22D760095783E /* SemesterCache.swift */ = {isa = PBXFileReference; lastKnownFileType = sourcecode.swift; path = SemesterCache.swift; sourceTree = "<group>"; };
		FAA7F71D23A22DC40095783E /* MarkCache.swift */ = {isa = PBXFileReference; lastKnownFileType = sourcecode.swift; path = MarkCache.swift; sourceTree = "<group>"; };
		FAA7F71F23A22DE80095783E /* SubjectStatisticsCache.swift */ = {isa = PBXFileReference; lastKnownFileType = sourcecode.swift; path = SubjectStatisticsCache.swift; sourceTree = "<group>"; };
		FAA7F72223A234160095783E /* RecordBookViewController.swift */ = {isa = PBXFileReference; lastKnownFileType = sourcecode.swift; path = RecordBookViewController.swift; sourceTree = "<group>"; };
		FAA7F72423A234200095783E /* RecordBookViewModel.swift */ = {isa = PBXFileReference; lastKnownFileType = sourcecode.swift; path = RecordBookViewModel.swift; sourceTree = "<group>"; };
		FAA7F72623A23D270095783E /* SemesterView.swift */ = {isa = PBXFileReference; lastKnownFileType = sourcecode.swift; path = SemesterView.swift; sourceTree = "<group>"; };
		FAB058FD239CEFFF00664358 /* NewsFilterViewController.swift */ = {isa = PBXFileReference; lastKnownFileType = sourcecode.swift; path = NewsFilterViewController.swift; sourceTree = "<group>"; };
		FAB058FF239CF00900664358 /* NewsFilterViewModel.swift */ = {isa = PBXFileReference; lastKnownFileType = sourcecode.swift; path = NewsFilterViewModel.swift; sourceTree = "<group>"; };
		FAB05904239D102C00664358 /* FilterCache.swift */ = {isa = PBXFileReference; lastKnownFileType = sourcecode.swift; path = FilterCache.swift; sourceTree = "<group>"; };
		FAB05906239D103B00664358 /* DataManager.swift */ = {isa = PBXFileReference; lastKnownFileType = sourcecode.swift; path = DataManager.swift; sourceTree = "<group>"; };
		FAB05909239D471600664358 /* StringExt.swift */ = {isa = PBXFileReference; lastKnownFileType = sourcecode.swift; path = StringExt.swift; sourceTree = "<group>"; };
		FAB0590C239D57C200664358 /* AuditoriumsViewController.swift */ = {isa = PBXFileReference; lastKnownFileType = sourcecode.swift; path = AuditoriumsViewController.swift; sourceTree = "<group>"; };
		FAB0590E239D57CB00664358 /* FreeAuditoriumsViewModel.swift */ = {isa = PBXFileReference; lastKnownFileType = sourcecode.swift; path = FreeAuditoriumsViewModel.swift; sourceTree = "<group>"; };
		FAB05912239D57EF00664358 /* AuditoriumsNavigationController.swift */ = {isa = PBXFileReference; lastKnownFileType = sourcecode.swift; path = AuditoriumsNavigationController.swift; sourceTree = "<group>"; };
		FAB05915239D5F6D00664358 /* FilesViewController.swift */ = {isa = PBXFileReference; lastKnownFileType = sourcecode.swift; path = FilesViewController.swift; sourceTree = "<group>"; };
		FAB05917239D5F7600664358 /* Files.storyboard */ = {isa = PBXFileReference; lastKnownFileType = file.storyboard; path = Files.storyboard; sourceTree = "<group>"; };
		FAB05919239D5F8600664358 /* FilesNavigationController.swift */ = {isa = PBXFileReference; lastKnownFileType = sourcecode.swift; path = FilesNavigationController.swift; sourceTree = "<group>"; };
		FAB0591B239D5F9100664358 /* FilesViewModel.swift */ = {isa = PBXFileReference; lastKnownFileType = sourcecode.swift; path = FilesViewModel.swift; sourceTree = "<group>"; };
/* End PBXFileReference section */

/* Begin PBXFrameworksBuildPhase section */
		FA32608C23940BF1004B1410 /* Frameworks */ = {
			isa = PBXFrameworksBuildPhase;
			buildActionMask = 2147483647;
			files = (
				FA37EDD2245F032400BC502C /* AuthenticationServices.framework in Frameworks */,
				6B1459C3D513DCDC6F980F3A /* Pods_BsuirAdditionalApp.framework in Frameworks */,
			);
			runOnlyForDeploymentPostprocessing = 0;
		};
/* End PBXFrameworksBuildPhase section */

/* Begin PBXGroup section */
		A87E57A84C711E7CFB20B40D /* Frameworks */ = {
			isa = PBXGroup;
			children = (
				FA37EDD1245F032400BC502C /* AuthenticationServices.framework */,
				7B1DCCF9E11A81C0BA5FF588 /* Pods_BsuirAdditionalApp.framework */,
			);
			name = Frameworks;
			sourceTree = "<group>";
		};
		D7CEBC6C26490370DA371F11 /* Pods */ = {
			isa = PBXGroup;
			children = (
				6608CE897E25F119F72AB452 /* Pods-BsuirAdditionalApp.debug.xcconfig */,
				112FDD627729347556FF94E8 /* Pods-BsuirAdditionalApp.release.xcconfig */,
			);
			path = Pods;
			sourceTree = "<group>";
		};
		FA1AA73423950E1E0092559B /* Menu */ = {
			isa = PBXGroup;
			children = (
				FA765D0B23A19733001CC348 /* Profile */,
				FA83A6C423A1A47900BF5ABD /* Group */,
				FA6D4B6123A1B0B000390B9D /* Settings */,
				FAA7F72123A234060095783E /* RecordBook */,
				FA1AA73523950E450092559B /* MenuNavigationController.swift */,
				FA92A537245ECC6C00511BDA /* Menu.storyboard */,
				FA1AA73923950E680092559B /* MenuViewController.swift */,
				FA1AA73B23950E720092559B /* MenuViewModel.swift */,
			);
			path = Menu;
			sourceTree = "<group>";
		};
		FA32608623940BF1004B1410 = {
			isa = PBXGroup;
			children = (
				FA32609123940BF1004B1410 /* BsuirAdditionalApp */,
				FA32609023940BF1004B1410 /* Products */,
				D7CEBC6C26490370DA371F11 /* Pods */,
				A87E57A84C711E7CFB20B40D /* Frameworks */,
			);
			sourceTree = "<group>";
		};
		FA32609023940BF1004B1410 /* Products */ = {
			isa = PBXGroup;
			children = (
				FA32608F23940BF1004B1410 /* Bsuir.Student.app */,
			);
			name = Products;
			sourceTree = "<group>";
		};
		FA32609123940BF1004B1410 /* BsuirAdditionalApp */ = {
			isa = PBXGroup;
			children = (
				FA37EDD0245F031700BC502C /* Bsuir.Student.entitlements */,
				FA32609223940BF1004B1410 /* AppDelegate.swift */,
				FA3260C32394143E004B1410 /* Config */,
				FA3260AC2394102E004B1410 /* Extensions */,
				FA3260AA23941023004B1410 /* Model */,
				FA3260AB23941027004B1410 /* Networking */,
				FA3260A92394101D004B1410 /* Scenes */,
				FA3260A823940FC1004B1410 /* Resources */,
				FA32609823940BF1004B1410 /* Main.storyboard */,
				FA32609D23940BF2004B1410 /* LaunchScreen.storyboard */,
				FA3260A023940BF2004B1410 /* Info.plist */,
			);
			path = BsuirAdditionalApp;
			sourceTree = "<group>";
		};
		FA3260A823940FC1004B1410 /* Resources */ = {
			isa = PBXGroup;
			children = (
				FA32609B23940BF2004B1410 /* Assets.xcassets */,
				FA3260AD23941110004B1410 /* ColorTheme.swift */,
				FA92A555245ECF4200511BDA /* Localizable.strings */,
			);
			path = Resources;
			sourceTree = "<group>";
		};
		FA3260A92394101D004B1410 /* Scenes */ = {
			isa = PBXGroup;
			children = (
				FA83A6CD23A1A5F200BF5ABD /* Common */,
				FA3260ED23945BD7004B1410 /* News */,
				FAB0590B239D57A300664358 /* Auditoriums */,
				FAB05914239D5F5200664358 /* Files */,
				FA1AA73423950E1E0092559B /* Menu */,
				FA3260E02394497C004B1410 /* AppEntry */,
			);
			path = Scenes;
			sourceTree = "<group>";
		};
		FA3260AA23941023004B1410 /* Model */ = {
			isa = PBXGroup;
			children = (
				FAB05903239D101100664358 /* Cache */,
				FA3260C82394155B004B1410 /* Profile */,
				FA3260CC239416DE004B1410 /* Enums.swift */,
			);
			path = Model;
			sourceTree = "<group>";
		};
		FA3260AB23941027004B1410 /* Networking */ = {
			isa = PBXGroup;
			children = (
				FA3260CB2394168E004B1410 /* Entities */,
				FA3260B42394132E004B1410 /* Providers */,
				FA3260B1239412D8004B1410 /* Adapters */,
				FA3260AF23941262004B1410 /* NetworkingManager.swift */,
			);
			path = Networking;
			sourceTree = "<group>";
		};
		FA3260AC2394102E004B1410 /* Extensions */ = {
			isa = PBXGroup;
			children = (
				FA3260E523944A1D004B1410 /* ViewControllerExt.swift */,
				FA3260EB239453EB004B1410 /* TextFieldExt.swift */,
				FA3260F8239463CC004B1410 /* DateExt.swift */,
				FAB05909239D471600664358 /* StringExt.swift */,
				FA3B4EA12454570A00F01AC2 /* UIImageExt.swift */,
			);
			path = Extensions;
			sourceTree = "<group>";
		};
		FA3260B1239412D8004B1410 /* Adapters */ = {
			isa = PBXGroup;
			children = (
				FA3260B2239412EB004B1410 /* AuditoriumsAdapter.swift */,
				FA3260C123941390004B1410 /* NewsAdapter.swift */,
				FA37EDD5245F063200BC502C /* NotificationsAdapter.swift */,
				FA3260BF23941383004B1410 /* IISAdapter.swift */,
				FA3260BD2394137A004B1410 /* FilesAdapter.swift */,
			);
			path = Adapters;
			sourceTree = "<group>";
		};
		FA3260B42394132E004B1410 /* Providers */ = {
			isa = PBXGroup;
			children = (
				FA3260B52394133D004B1410 /* AuditoriumsProvider.swift */,
				FA3260B723941357004B1410 /* NewsProvider.swift */,
				FA37EDD3245F054300BC502C /* NotificationsProvider.swift */,
				FA3260B923941365004B1410 /* IISProvider.swift */,
				FA3260BB2394136F004B1410 /* FilesProvider.swift */,
			);
			path = Providers;
			sourceTree = "<group>";
		};
		FA3260C32394143E004B1410 /* Config */ = {
			isa = PBXGroup;
			children = (
				FA3260C423941455004B1410 /* Config.swift */,
				FA3260C623941469004B1410 /* Debug.xcconfig */,
				FA3260C723941471004B1410 /* Release.xcconfig */,
			);
			path = Config;
			sourceTree = "<group>";
		};
		FA3260C82394155B004B1410 /* Profile */ = {
			isa = PBXGroup;
			children = (
				FA3260C923941567004B1410 /* ProfileManager.swift */,
			);
			path = Profile;
			sourceTree = "<group>";
		};
		FA3260CB2394168E004B1410 /* Entities */ = {
			isa = PBXGroup;
			children = (
				FA9922B5241570AF00796EDC /* Auditoriums */,
				FA9922B6241570CB00796EDC /* News */,
				FA9922B7241570D800796EDC /* IIS */,
			);
			path = Entities;
			sourceTree = "<group>";
		};
		FA3260E02394497C004B1410 /* AppEntry */ = {
			isa = PBXGroup;
			children = (
				FA3260E123944985004B1410 /* Start */,
				FA3260E223944989004B1410 /* Login */,
			);
			path = AppEntry;
			sourceTree = "<group>";
		};
		FA3260E123944985004B1410 /* Start */ = {
			isa = PBXGroup;
			children = (
				FA3260E3239449AA004B1410 /* LaunchViewController.swift */,
			);
			path = Start;
			sourceTree = "<group>";
		};
		FA3260E223944989004B1410 /* Login */ = {
			isa = PBXGroup;
			children = (
				FA3260E723944B81004B1410 /* LoginViewController.swift */,
				FA3260E923944B8C004B1410 /* LoginViewModel.swift */,
			);
			path = Login;
			sourceTree = "<group>";
		};
		FA3260ED23945BD7004B1410 /* News */ = {
			isa = PBXGroup;
			children = (
				FAA6A2F6245635610015B9B5 /* NewsSubscriptions */,
				FAB05901239CF00E00664358 /* NewsTable */,
				FAB058FC239CEF2C00664358 /* NewsDetails */,
				FAB058FB239CEF1C00664358 /* NewsFilter */,
				FA3260EE23945C09004B1410 /* NewsNavigationController.swift */,
				FA92A545245ECE0000511BDA /* News.storyboard */,
				FA3260F223945C3D004B1410 /* NewsViewController.swift */,
				FA3260F423945C46004B1410 /* NewsViewModel.swift */,
			);
			path = News;
			sourceTree = "<group>";
		};
		FA36D6A623A248DA00714FCF /* Mark */ = {
			isa = PBXGroup;
			children = (
				FA36D6AB23A2492D00714FCF /* MarkCell.swift */,
				FA92A559245ED6C700511BDA /* MarkCell.xib */,
			);
			path = Mark;
			sourceTree = "<group>";
		};
		FA64D383239DC0E700E96C11 /* AuditoriumsList */ = {
			isa = PBXGroup;
			children = (
				FA64D384239DC10700E96C11 /* AuditoriumsListViewController.swift */,
				FA64D386239DC22E00E96C11 /* AuditoriumListTableViewCell.swift */,
			);
			path = AuditoriumsList;
			sourceTree = "<group>";
		};
		FA69F55C239D963B006A953E /* AuditoriumsCache */ = {
			isa = PBXGroup;
			children = (
				FA69F55F239D9674006A953E /* BuildingCache.swift */,
				FA69F55D239D9652006A953E /* BuildingsCache.swift */,
			);
			path = AuditoriumsCache;
			sourceTree = "<group>";
		};
		FA69F561239DA009006A953E /* FreeAuditoriums */ = {
			isa = PBXGroup;
			children = (
				FA69F562239DA059006A953E /* FreeAuditoriumsViewController.swift */,
				FAB0590E239D57CB00664358 /* FreeAuditoriumsViewModel.swift */,
			);
			path = FreeAuditoriums;
			sourceTree = "<group>";
		};
		FA6D4B6123A1B0B000390B9D /* Settings */ = {
			isa = PBXGroup;
			children = (
				FA6D4B6223A1B10E00390B9D /* SettingsViewController.swift */,
				FA6D4B6423A1B11900390B9D /* SettingsViewModel.swift */,
			);
			path = Settings;
			sourceTree = "<group>";
		};
		FA765CFB23A1777C001CC348 /* AllAuditoriums */ = {
			isa = PBXGroup;
			children = (
				FA765CFC23A17796001CC348 /* AllAuditoriumsViewController.swift */,
				FA765CFE23A177A0001CC348 /* AllAuditoriumsViewModel.swift */,
			);
			path = AllAuditoriums;
			sourceTree = "<group>";
		};
		FA765D0023A18CD1001CC348 /* UserCache */ = {
			isa = PBXGroup;
			children = (
				FA765D0323A18CF3001CC348 /* EducationCache.swift */,
				FA765D0523A18CFF001CC348 /* SkillCache.swift */,
				FA765D0723A18D0B001CC348 /* ReferenceCache.swift */,
				FA765D0923A18D16001CC348 /* SettingsCache.swift */,
				FA765D0123A18CE0001CC348 /* UserCache.swift */,
			);
			path = UserCache;
			sourceTree = "<group>";
		};
		FA765D0B23A19733001CC348 /* Profile */ = {
			isa = PBXGroup;
			children = (
				FA765D0C23A19740001CC348 /* ProfileViewController.swift */,
				FA765D0E23A19751001CC348 /* ProfileViewModel.swift */,
			);
			path = Profile;
			sourceTree = "<group>";
		};
		FA83A6C423A1A47900BF5ABD /* Group */ = {
			isa = PBXGroup;
			children = (
				FA83A6CB23A1A4AE00BF5ABD /* GroupMemberCell.swift */,
				FA83A6C523A1A48800BF5ABD /* GroupViewController.swift */,
				FA83A6C723A1A49500BF5ABD /* GroupViewModel.swift */,
			);
			path = Group;
			sourceTree = "<group>";
		};
		FA83A6CD23A1A5F200BF5ABD /* Common */ = {
			isa = PBXGroup;
			children = (
				FA3260FB239466AF004B1410 /* EmptyBackgroundView.swift */,
				FA92A54C245ECEB800511BDA /* EmptyBackgroundView.xib */,
			);
			path = Common;
			sourceTree = "<group>";
		};
		FA83A6D223A1A9C800BF5ABD /* GroupCache */ = {
			isa = PBXGroup;
			children = (
				FA83A6CE23A1A93000BF5ABD /* GroupMateCache.swift */,
				FA83A6D023A1A9C400BF5ABD /* GroupCache.swift */,
			);
			path = GroupCache;
			sourceTree = "<group>";
		};
		FA9922B5241570AF00796EDC /* Auditoriums */ = {
			isa = PBXGroup;
			children = (
				FA3260D0239421C5004B1410 /* Auditorium.swift */,
				FA3260D223942478004B1410 /* Building.swift */,
			);
			path = Auditoriums;
			sourceTree = "<group>";
		};
		FA9922B6241570CB00796EDC /* News */ = {
			isa = PBXGroup;
			children = (
				FA3260D423942617004B1410 /* News.swift */,
				FA3260D6239428F4004B1410 /* NewsList.swift */,
				FA9922B82415713500796EDC /* Sort.swift */,
				FA9922BA241571E800796EDC /* Filter.swift */,
			);
			path = News;
			sourceTree = "<group>";
		};
		FA9922B7241570D800796EDC /* IIS */ = {
			isa = PBXGroup;
			children = (
				FA3260D823943B94004B1410 /* Token.swift */,
				FA3260DA23943C82004B1410 /* User.swift */,
				FA3260CE23941ED5004B1410 /* UserParts.swift */,
				FA3260DC23943E31004B1410 /* RecordBook.swift */,
				FA3260DE23943FBC004B1410 /* Group.swift */,
			);
			path = IIS;
			sourceTree = "<group>";
		};
		FAA6A2F6245635610015B9B5 /* NewsSubscriptions */ = {
			isa = PBXGroup;
			children = (
				FAA6A2F7245635870015B9B5 /* NewsSubscriptionsViewController.swift */,
				FA0DC4A424572AF200B77DF2 /* NewsSubscriptionsTableViewCell.swift */,
				FAA6A2F9245635900015B9B5 /* NewsSubscriptionsViewModel.swift */,
			);
			path = NewsSubscriptions;
			sourceTree = "<group>";
		};
		FAA7F71823A22D400095783E /* RecordBookCache */ = {
			isa = PBXGroup;
			children = (
				FAA7F71F23A22DE80095783E /* SubjectStatisticsCache.swift */,
				FAA7F71D23A22DC40095783E /* MarkCache.swift */,
				FAA7F71B23A22D760095783E /* SemesterCache.swift */,
				FAA7F71923A22D540095783E /* RecordBookCache.swift */,
			);
			path = RecordBookCache;
			sourceTree = "<group>";
		};
		FAA7F72123A234060095783E /* RecordBook */ = {
			isa = PBXGroup;
			children = (
				FA36D6A623A248DA00714FCF /* Mark */,
				FAA7F72823A23D390095783E /* Semester */,
				FAA7F72223A234160095783E /* RecordBookViewController.swift */,
				FAA7F72423A234200095783E /* RecordBookViewModel.swift */,
			);
			path = RecordBook;
			sourceTree = "<group>";
		};
		FAA7F72823A23D390095783E /* Semester */ = {
			isa = PBXGroup;
			children = (
				FAA7F72623A23D270095783E /* SemesterView.swift */,
				FA92A560245ED71B00511BDA /* Semester.xib */,
			);
			path = Semester;
			sourceTree = "<group>";
		};
		FAB058FB239CEF1C00664358 /* NewsFilter */ = {
			isa = PBXGroup;
			children = (
				FAB058FD239CEFFF00664358 /* NewsFilterViewController.swift */,
				FAB058FF239CF00900664358 /* NewsFilterViewModel.swift */,
			);
			path = NewsFilter;
			sourceTree = "<group>";
		};
		FAB058FC239CEF2C00664358 /* NewsDetails */ = {
			isa = PBXGroup;
			children = (
				FA3261022394789B004B1410 /* NewsDetailsViewController.swift */,
				FA3B4EA72454B45800F01AC2 /* NewsDetailsViewModel.swift */,
			);
			path = NewsDetails;
			sourceTree = "<group>";
		};
		FAB05901239CF00E00664358 /* NewsTable */ = {
			isa = PBXGroup;
			children = (
				FA3260F623946085004B1410 /* NewsTableViewCell.swift */,
				FAA6A2F424561AFA0015B9B5 /* NewsCollectionViewCell.swift */,
			);
			path = NewsTable;
			sourceTree = "<group>";
		};
		FAB05903239D101100664358 /* Cache */ = {
			isa = PBXGroup;
			children = (
				FA69F55C239D963B006A953E /* AuditoriumsCache */,
				FAB05908239D103E00664358 /* NewsCache */,
				FA765D0023A18CD1001CC348 /* UserCache */,
				FA83A6D223A1A9C800BF5ABD /* GroupCache */,
				FAA7F71823A22D400095783E /* RecordBookCache */,
				FAB05906239D103B00664358 /* DataManager.swift */,
			);
			path = Cache;
			sourceTree = "<group>";
		};
		FAB05908239D103E00664358 /* NewsCache */ = {
			isa = PBXGroup;
			children = (
				FAB05904239D102C00664358 /* FilterCache.swift */,
				FA92A52B245DCE2100511BDA /* SubscriptionsCache.swift */,
				FA92A52D245DD1D300511BDA /* SourceCache.swift */,
			);
			path = NewsCache;
			sourceTree = "<group>";
		};
		FAB0590B239D57A300664358 /* Auditoriums */ = {
			isa = PBXGroup;
			children = (
				FA64D383239DC0E700E96C11 /* AuditoriumsList */,
				FA69F561239DA009006A953E /* FreeAuditoriums */,
				FA765CFB23A1777C001CC348 /* AllAuditoriums */,
				FAB05912239D57EF00664358 /* AuditoriumsNavigationController.swift */,
				FA92A53E245ECDA000511BDA /* Auditoriums.storyboard */,
				FAB0590C239D57C200664358 /* AuditoriumsViewController.swift */,
			);
			path = Auditoriums;
			sourceTree = "<group>";
		};
		FAB05914239D5F5200664358 /* Files */ = {
			isa = PBXGroup;
			children = (
				FAB05919239D5F8600664358 /* FilesNavigationController.swift */,
				FAB05917239D5F7600664358 /* Files.storyboard */,
				FAB05915239D5F6D00664358 /* FilesViewController.swift */,
				FAB0591B239D5F9100664358 /* FilesViewModel.swift */,
			);
			path = Files;
			sourceTree = "<group>";
		};
/* End PBXGroup section */

/* Begin PBXNativeTarget section */
		FA32608E23940BF1004B1410 /* BsuirAdditionalApp */ = {
			isa = PBXNativeTarget;
			buildConfigurationList = FA3260A323940BF2004B1410 /* Build configuration list for PBXNativeTarget "BsuirAdditionalApp" */;
			buildPhases = (
				773C8BD3B8F4D9BB2403C862 /* [CP] Check Pods Manifest.lock */,
				FA32608B23940BF1004B1410 /* Sources */,
				FA32608C23940BF1004B1410 /* Frameworks */,
				FA32608D23940BF1004B1410 /* Resources */,
				466EF417630C2CB9C3413B2A /* [CP] Embed Pods Frameworks */,
				FA62C0C223B606FB0030B019 /* ShellScript */,
			);
			buildRules = (
			);
			dependencies = (
			);
			name = BsuirAdditionalApp;
			productName = BsuirAdditionalApp;
			productReference = FA32608F23940BF1004B1410 /* Bsuir.Student.app */;
			productType = "com.apple.product-type.application";
		};
/* End PBXNativeTarget section */

/* Begin PBXProject section */
		FA32608723940BF1004B1410 /* Project object */ = {
			isa = PBXProject;
			attributes = {
				LastSwiftUpdateCheck = 1120;
				LastUpgradeCheck = 1120;
				ORGANIZATIONNAME = "Kiryl Holubeu";
				TargetAttributes = {
					FA32608E23940BF1004B1410 = {
						CreatedOnToolsVersion = 11.2.1;
					};
				};
			};
			buildConfigurationList = FA32608A23940BF1004B1410 /* Build configuration list for PBXProject "BsuirAdditionalApp" */;
			compatibilityVersion = "Xcode 9.3";
			developmentRegion = en;
			hasScannedForEncodings = 0;
			knownRegions = (
				en,
				Base,
				ru,
			);
			mainGroup = FA32608623940BF1004B1410;
			productRefGroup = FA32609023940BF1004B1410 /* Products */;
			projectDirPath = "";
			projectRoot = "";
			targets = (
				FA32608E23940BF1004B1410 /* BsuirAdditionalApp */,
			);
		};
/* End PBXProject section */

/* Begin PBXResourcesBuildPhase section */
		FA32608D23940BF1004B1410 /* Resources */ = {
			isa = PBXResourcesBuildPhase;
			buildActionMask = 2147483647;
			files = (
				FA32609F23940BF2004B1410 /* LaunchScreen.storyboard in Resources */,
				FAB05918239D5F7600664358 /* Files.storyboard in Resources */,
				FA92A553245ECF4200511BDA /* Localizable.strings in Resources */,
				FA32609C23940BF2004B1410 /* Assets.xcassets in Resources */,
				FA32609A23940BF1004B1410 /* Main.storyboard in Resources */,
				FA92A55E245ED71B00511BDA /* Semester.xib in Resources */,
				FA92A535245ECC6C00511BDA /* Menu.storyboard in Resources */,
				FA92A557245ED6C700511BDA /* MarkCell.xib in Resources */,
				FA92A543245ECE0000511BDA /* News.storyboard in Resources */,
				FA92A53C245ECDA000511BDA /* Auditoriums.storyboard in Resources */,
				FA92A54A245ECEB800511BDA /* EmptyBackgroundView.xib in Resources */,
			);
			runOnlyForDeploymentPostprocessing = 0;
		};
/* End PBXResourcesBuildPhase section */

/* Begin PBXShellScriptBuildPhase section */
		466EF417630C2CB9C3413B2A /* [CP] Embed Pods Frameworks */ = {
			isa = PBXShellScriptBuildPhase;
			buildActionMask = 2147483647;
			files = (
			);
			inputFileListPaths = (
				"${PODS_ROOT}/Target Support Files/Pods-BsuirAdditionalApp/Pods-BsuirAdditionalApp-frameworks-${CONFIGURATION}-input-files.xcfilelist",
			);
			name = "[CP] Embed Pods Frameworks";
			outputFileListPaths = (
				"${PODS_ROOT}/Target Support Files/Pods-BsuirAdditionalApp/Pods-BsuirAdditionalApp-frameworks-${CONFIGURATION}-output-files.xcfilelist",
			);
			runOnlyForDeploymentPostprocessing = 0;
			shellPath = /bin/sh;
			shellScript = "\"${PODS_ROOT}/Target Support Files/Pods-BsuirAdditionalApp/Pods-BsuirAdditionalApp-frameworks.sh\"\n";
			showEnvVarsInLog = 0;
		};
		773C8BD3B8F4D9BB2403C862 /* [CP] Check Pods Manifest.lock */ = {
			isa = PBXShellScriptBuildPhase;
			buildActionMask = 2147483647;
			files = (
			);
			inputFileListPaths = (
			);
			inputPaths = (
				"${PODS_PODFILE_DIR_PATH}/Podfile.lock",
				"${PODS_ROOT}/Manifest.lock",
			);
			name = "[CP] Check Pods Manifest.lock";
			outputFileListPaths = (
			);
			outputPaths = (
				"$(DERIVED_FILE_DIR)/Pods-BsuirAdditionalApp-checkManifestLockResult.txt",
			);
			runOnlyForDeploymentPostprocessing = 0;
			shellPath = /bin/sh;
			shellScript = "diff \"${PODS_PODFILE_DIR_PATH}/Podfile.lock\" \"${PODS_ROOT}/Manifest.lock\" > /dev/null\nif [ $? != 0 ] ; then\n    # print error to STDERR\n    echo \"error: The sandbox is not in sync with the Podfile.lock. Run 'pod install' or update your CocoaPods installation.\" >&2\n    exit 1\nfi\n# This output is used by Xcode 'outputs' to avoid re-running this script phase.\necho \"SUCCESS\" > \"${SCRIPT_OUTPUT_FILE_0}\"\n";
			showEnvVarsInLog = 0;
		};
		FA62C0C223B606FB0030B019 /* ShellScript */ = {
			isa = PBXShellScriptBuildPhase;
			buildActionMask = 2147483647;
			files = (
			);
			inputFileListPaths = (
			);
			inputPaths = (
			);
			outputFileListPaths = (
			);
			outputPaths = (
			);
			runOnlyForDeploymentPostprocessing = 0;
			shellPath = /bin/sh;
			shellScript = "# Type a script or drag a script file from your workspace to insert its path.\n";
		};
/* End PBXShellScriptBuildPhase section */

/* Begin PBXSourcesBuildPhase section */
		FA32608B23940BF1004B1410 /* Sources */ = {
			isa = PBXSourcesBuildPhase;
			buildActionMask = 2147483647;
			files = (
				FA83A6C623A1A48800BF5ABD /* GroupViewController.swift in Sources */,
				FA92A52E245DD1D300511BDA /* SourceCache.swift in Sources */,
				FAA7F71A23A22D540095783E /* RecordBookCache.swift in Sources */,
				FAA7F72023A22DE80095783E /* SubjectStatisticsCache.swift in Sources */,
				FA3260FC239466AF004B1410 /* EmptyBackgroundView.swift in Sources */,
				FAA7F71E23A22DC40095783E /* MarkCache.swift in Sources */,
				FAB0591C239D5F9100664358 /* FilesViewModel.swift in Sources */,
				FA3260C223941390004B1410 /* NewsAdapter.swift in Sources */,
				FA83A6D123A1A9C400BF5ABD /* GroupCache.swift in Sources */,
				FA765CFF23A177A0001CC348 /* AllAuditoriumsViewModel.swift in Sources */,
				FA3260B023941262004B1410 /* NetworkingManager.swift in Sources */,
				FAB05916239D5F6D00664358 /* FilesViewController.swift in Sources */,
				FA83A6CC23A1A4AE00BF5ABD /* GroupMemberCell.swift in Sources */,
				FA765CFD23A17796001CC348 /* AllAuditoriumsViewController.swift in Sources */,
				FA1AA73C23950E720092559B /* MenuViewModel.swift in Sources */,
				FA3260B823941357004B1410 /* NewsProvider.swift in Sources */,
				FA92A52C245DCE2100511BDA /* SubscriptionsCache.swift in Sources */,
				FA3260F323945C3D004B1410 /* NewsViewController.swift in Sources */,
				FA3260D7239428F4004B1410 /* NewsList.swift in Sources */,
				FA765D0A23A18D16001CC348 /* SettingsCache.swift in Sources */,
				FAB05905239D102C00664358 /* FilterCache.swift in Sources */,
				FA64D387239DC22E00E96C11 /* AuditoriumListTableViewCell.swift in Sources */,
				FAB05913239D57EF00664358 /* AuditoriumsNavigationController.swift in Sources */,
				FA3260BE2394137A004B1410 /* FilesAdapter.swift in Sources */,
				FA3260EF23945C09004B1410 /* NewsNavigationController.swift in Sources */,
				FA765D0223A18CE1001CC348 /* UserCache.swift in Sources */,
				FA3B4EA82454B45800F01AC2 /* NewsDetailsViewModel.swift in Sources */,
				FA3260E623944A1D004B1410 /* ViewControllerExt.swift in Sources */,
				FA3260CD239416DE004B1410 /* Enums.swift in Sources */,
				FAB05900239CF00900664358 /* NewsFilterViewModel.swift in Sources */,
				FA32609323940BF1004B1410 /* AppDelegate.swift in Sources */,
				FA3260F523945C46004B1410 /* NewsViewModel.swift in Sources */,
				FAB058FE239CEFFF00664358 /* NewsFilterViewController.swift in Sources */,
				FA3260EA23944B8C004B1410 /* LoginViewModel.swift in Sources */,
				FA37EDD4245F054300BC502C /* NotificationsProvider.swift in Sources */,
				FA3260E4239449AA004B1410 /* LaunchViewController.swift in Sources */,
				FA69F55E239D9652006A953E /* BuildingsCache.swift in Sources */,
				FAA7F72723A23D270095783E /* SemesterView.swift in Sources */,
				FA3260C523941455004B1410 /* Config.swift in Sources */,
				FAA6A2FA245635900015B9B5 /* NewsSubscriptionsViewModel.swift in Sources */,
				FAA6A2F8245635870015B9B5 /* NewsSubscriptionsViewController.swift in Sources */,
				FA3261032394789B004B1410 /* NewsDetailsViewController.swift in Sources */,
				FA64D385239DC10700E96C11 /* AuditoriumsListViewController.swift in Sources */,
				FAA7F71C23A22D760095783E /* SemesterCache.swift in Sources */,
				FA3B4EA22454570A00F01AC2 /* UIImageExt.swift in Sources */,
				FA3260F9239463CC004B1410 /* DateExt.swift in Sources */,
				FA3260D323942478004B1410 /* Building.swift in Sources */,
				FA3260B3239412EB004B1410 /* AuditoriumsAdapter.swift in Sources */,
				FA3260BC2394136F004B1410 /* FilesProvider.swift in Sources */,
				FA3260D923943B94004B1410 /* Token.swift in Sources */,
				FA37EDD6245F063200BC502C /* NotificationsAdapter.swift in Sources */,
				FA6D4B6323A1B10E00390B9D /* SettingsViewController.swift in Sources */,
				FA3260F723946085004B1410 /* NewsTableViewCell.swift in Sources */,
				FA765D0423A18CF3001CC348 /* EducationCache.swift in Sources */,
				FAB0590A239D471600664358 /* StringExt.swift in Sources */,
				FAA7F72523A234200095783E /* RecordBookViewModel.swift in Sources */,
				FA83A6C823A1A49500BF5ABD /* GroupViewModel.swift in Sources */,
				FAB0590D239D57C200664358 /* AuditoriumsViewController.swift in Sources */,
				FA9922B92415713500796EDC /* Sort.swift in Sources */,
				FA765D0823A18D0B001CC348 /* ReferenceCache.swift in Sources */,
				FA1AA73623950E450092559B /* MenuNavigationController.swift in Sources */,
				FA765D0D23A19740001CC348 /* ProfileViewController.swift in Sources */,
				FA3260EC239453EB004B1410 /* TextFieldExt.swift in Sources */,
				FA36D6AC23A2492D00714FCF /* MarkCell.swift in Sources */,
				FA3260B62394133D004B1410 /* AuditoriumsProvider.swift in Sources */,
				FA3260DD23943E31004B1410 /* RecordBook.swift in Sources */,
				FA1AA73A23950E680092559B /* MenuViewController.swift in Sources */,
				FAA6A2F524561AFA0015B9B5 /* NewsCollectionViewCell.swift in Sources */,
				FAB0590F239D57CB00664358 /* FreeAuditoriumsViewModel.swift in Sources */,
				FAA7F72323A234160095783E /* RecordBookViewController.swift in Sources */,
				FA9922BB241571E800796EDC /* Filter.swift in Sources */,
				FA3260C023941383004B1410 /* IISAdapter.swift in Sources */,
				FA765D0F23A19751001CC348 /* ProfileViewModel.swift in Sources */,
				FA3260D523942617004B1410 /* News.swift in Sources */,
				FA6D4B6523A1B11900390B9D /* SettingsViewModel.swift in Sources */,
				FA3260CA23941567004B1410 /* ProfileManager.swift in Sources */,
				FAB05907239D103B00664358 /* DataManager.swift in Sources */,
				FAB0591A239D5F8600664358 /* FilesNavigationController.swift in Sources */,
				FA3260BA23941365004B1410 /* IISProvider.swift in Sources */,
				FA3260CF23941ED5004B1410 /* UserParts.swift in Sources */,
				FA765D0623A18CFF001CC348 /* SkillCache.swift in Sources */,
				FA69F563239DA059006A953E /* FreeAuditoriumsViewController.swift in Sources */,
				FA3260DF23943FBC004B1410 /* Group.swift in Sources */,
				FA3260D1239421C5004B1410 /* Auditorium.swift in Sources */,
				FA3260AE23941110004B1410 /* ColorTheme.swift in Sources */,
				FA3260E823944B81004B1410 /* LoginViewController.swift in Sources */,
				FA83A6CF23A1A93000BF5ABD /* GroupMateCache.swift in Sources */,
				FA3260DB23943C82004B1410 /* User.swift in Sources */,
				FA69F560239D9674006A953E /* BuildingCache.swift in Sources */,
				FA0DC4A524572AF200B77DF2 /* NewsSubscriptionsTableViewCell.swift in Sources */,
			);
			runOnlyForDeploymentPostprocessing = 0;
		};
/* End PBXSourcesBuildPhase section */

/* Begin PBXVariantGroup section */
		FA32609823940BF1004B1410 /* Main.storyboard */ = {
			isa = PBXVariantGroup;
			children = (
				FA32609923940BF1004B1410 /* Base */,
				FA92A52F245ECC0A00511BDA /* ru */,
				FA92A532245ECC2900511BDA /* en */,
			);
			name = Main.storyboard;
			sourceTree = "<group>";
		};
		FA32609D23940BF2004B1410 /* LaunchScreen.storyboard */ = {
			isa = PBXVariantGroup;
			children = (
				FA32609E23940BF2004B1410 /* Base */,
				FA92A530245ECC0A00511BDA /* ru */,
				FA92A534245ECC5000511BDA /* en */,
			);
			name = LaunchScreen.storyboard;
			sourceTree = "<group>";
		};
		FA92A537245ECC6C00511BDA /* Menu.storyboard */ = {
			isa = PBXVariantGroup;
			children = (
				FA92A536245ECC6C00511BDA /* Base */,
				FA92A539245ECC7000511BDA /* en */,
				FA92A53B245ECC7300511BDA /* ru */,
			);
			name = Menu.storyboard;
			sourceTree = "<group>";
		};
		FA92A53E245ECDA000511BDA /* Auditoriums.storyboard */ = {
			isa = PBXVariantGroup;
			children = (
				FA92A53D245ECDA000511BDA /* Base */,
				FA92A540245ECDA400511BDA /* en */,
				FA92A542245ECDA500511BDA /* ru */,
			);
			name = Auditoriums.storyboard;
			sourceTree = "<group>";
		};
		FA92A545245ECE0000511BDA /* News.storyboard */ = {
			isa = PBXVariantGroup;
			children = (
				FA92A544245ECE0000511BDA /* Base */,
				FA92A547245ECE0800511BDA /* en */,
				FA92A549245ECE0900511BDA /* ru */,
			);
			name = News.storyboard;
			sourceTree = "<group>";
		};
		FA92A54C245ECEB800511BDA /* EmptyBackgroundView.xib */ = {
			isa = PBXVariantGroup;
			children = (
				FA92A54B245ECEB800511BDA /* Base */,
				FA92A54E245ECEBC00511BDA /* en */,
				FA92A550245ECEBE00511BDA /* ru */,
			);
			name = EmptyBackgroundView.xib;
			sourceTree = "<group>";
		};
		FA92A555245ECF4200511BDA /* Localizable.strings */ = {
			isa = PBXVariantGroup;
			children = (
				FA92A554245ECF4200511BDA /* en */,
				FA92A556245ECF4400511BDA /* ru */,
			);
			name = Localizable.strings;
			sourceTree = "<group>";
		};
		FA92A559245ED6C700511BDA /* MarkCell.xib */ = {
			isa = PBXVariantGroup;
			children = (
				FA92A558245ED6C700511BDA /* Base */,
				FA92A55B245ED6CA00511BDA /* en */,
				FA92A55D245ED6CB00511BDA /* ru */,
			);
			name = MarkCell.xib;
			sourceTree = "<group>";
		};
		FA92A560245ED71B00511BDA /* Semester.xib */ = {
			isa = PBXVariantGroup;
			children = (
				FA92A55F245ED71B00511BDA /* Base */,
				FA92A562245ED71E00511BDA /* en */,
				FA92A564245ED71F00511BDA /* ru */,
			);
			name = Semester.xib;
			sourceTree = "<group>";
		};
/* End PBXVariantGroup section */

/* Begin XCBuildConfiguration section */
		FA3260A123940BF2004B1410 /* Debug */ = {
			isa = XCBuildConfiguration;
			baseConfigurationReference = FA3260C623941469004B1410 /* Debug.xcconfig */;
			buildSettings = {
				ALWAYS_SEARCH_USER_PATHS = NO;
				CLANG_ANALYZER_LOCALIZABILITY_NONLOCALIZED = YES;
				CLANG_ANALYZER_NONNULL = YES;
				CLANG_ANALYZER_NUMBER_OBJECT_CONVERSION = YES_AGGRESSIVE;
				CLANG_CXX_LANGUAGE_STANDARD = "gnu++14";
				CLANG_CXX_LIBRARY = "libc++";
				CLANG_ENABLE_MODULES = YES;
				CLANG_ENABLE_OBJC_ARC = YES;
				CLANG_ENABLE_OBJC_WEAK = YES;
				CLANG_WARN_BLOCK_CAPTURE_AUTORELEASING = YES;
				CLANG_WARN_BOOL_CONVERSION = YES;
				CLANG_WARN_COMMA = YES;
				CLANG_WARN_CONSTANT_CONVERSION = YES;
				CLANG_WARN_DEPRECATED_OBJC_IMPLEMENTATIONS = YES;
				CLANG_WARN_DIRECT_OBJC_ISA_USAGE = YES_ERROR;
				CLANG_WARN_DOCUMENTATION_COMMENTS = YES;
				CLANG_WARN_EMPTY_BODY = YES;
				CLANG_WARN_ENUM_CONVERSION = YES;
				CLANG_WARN_INFINITE_RECURSION = YES;
				CLANG_WARN_INT_CONVERSION = YES;
				CLANG_WARN_NON_LITERAL_NULL_CONVERSION = YES;
				CLANG_WARN_OBJC_IMPLICIT_RETAIN_SELF = YES;
				CLANG_WARN_OBJC_LITERAL_CONVERSION = YES;
				CLANG_WARN_OBJC_ROOT_CLASS = YES_ERROR;
				CLANG_WARN_RANGE_LOOP_ANALYSIS = YES;
				CLANG_WARN_STRICT_PROTOTYPES = YES;
				CLANG_WARN_SUSPICIOUS_MOVE = YES;
				CLANG_WARN_UNGUARDED_AVAILABILITY = YES_AGGRESSIVE;
				CLANG_WARN_UNREACHABLE_CODE = YES;
				CLANG_WARN__DUPLICATE_METHOD_MATCH = YES;
				COPY_PHASE_STRIP = NO;
				DEBUG_INFORMATION_FORMAT = dwarf;
				ENABLE_STRICT_OBJC_MSGSEND = YES;
				ENABLE_TESTABILITY = YES;
				GCC_C_LANGUAGE_STANDARD = gnu11;
				GCC_DYNAMIC_NO_PIC = NO;
				GCC_NO_COMMON_BLOCKS = YES;
				GCC_OPTIMIZATION_LEVEL = 0;
				GCC_PREPROCESSOR_DEFINITIONS = (
					"DEBUG=1",
					"$(inherited)",
				);
				GCC_WARN_64_TO_32_BIT_CONVERSION = YES;
				GCC_WARN_ABOUT_RETURN_TYPE = YES_ERROR;
				GCC_WARN_UNDECLARED_SELECTOR = YES;
				GCC_WARN_UNINITIALIZED_AUTOS = YES_AGGRESSIVE;
				GCC_WARN_UNUSED_FUNCTION = YES;
				GCC_WARN_UNUSED_VARIABLE = YES;
				IPHONEOS_DEPLOYMENT_TARGET = 11.0;
				MTL_ENABLE_DEBUG_INFO = INCLUDE_SOURCE;
				MTL_FAST_MATH = YES;
				ONLY_ACTIVE_ARCH = YES;
				SDKROOT = iphoneos;
				SWIFT_ACTIVE_COMPILATION_CONDITIONS = DEBUG;
				SWIFT_OPTIMIZATION_LEVEL = "-Onone";
			};
			name = Debug;
		};
		FA3260A223940BF2004B1410 /* Release */ = {
			isa = XCBuildConfiguration;
			baseConfigurationReference = FA3260C723941471004B1410 /* Release.xcconfig */;
			buildSettings = {
				ALWAYS_SEARCH_USER_PATHS = NO;
				CLANG_ANALYZER_LOCALIZABILITY_NONLOCALIZED = YES;
				CLANG_ANALYZER_NONNULL = YES;
				CLANG_ANALYZER_NUMBER_OBJECT_CONVERSION = YES_AGGRESSIVE;
				CLANG_CXX_LANGUAGE_STANDARD = "gnu++14";
				CLANG_CXX_LIBRARY = "libc++";
				CLANG_ENABLE_MODULES = YES;
				CLANG_ENABLE_OBJC_ARC = YES;
				CLANG_ENABLE_OBJC_WEAK = YES;
				CLANG_WARN_BLOCK_CAPTURE_AUTORELEASING = YES;
				CLANG_WARN_BOOL_CONVERSION = YES;
				CLANG_WARN_COMMA = YES;
				CLANG_WARN_CONSTANT_CONVERSION = YES;
				CLANG_WARN_DEPRECATED_OBJC_IMPLEMENTATIONS = YES;
				CLANG_WARN_DIRECT_OBJC_ISA_USAGE = YES_ERROR;
				CLANG_WARN_DOCUMENTATION_COMMENTS = YES;
				CLANG_WARN_EMPTY_BODY = YES;
				CLANG_WARN_ENUM_CONVERSION = YES;
				CLANG_WARN_INFINITE_RECURSION = YES;
				CLANG_WARN_INT_CONVERSION = YES;
				CLANG_WARN_NON_LITERAL_NULL_CONVERSION = YES;
				CLANG_WARN_OBJC_IMPLICIT_RETAIN_SELF = YES;
				CLANG_WARN_OBJC_LITERAL_CONVERSION = YES;
				CLANG_WARN_OBJC_ROOT_CLASS = YES_ERROR;
				CLANG_WARN_RANGE_LOOP_ANALYSIS = YES;
				CLANG_WARN_STRICT_PROTOTYPES = YES;
				CLANG_WARN_SUSPICIOUS_MOVE = YES;
				CLANG_WARN_UNGUARDED_AVAILABILITY = YES_AGGRESSIVE;
				CLANG_WARN_UNREACHABLE_CODE = YES;
				CLANG_WARN__DUPLICATE_METHOD_MATCH = YES;
				COPY_PHASE_STRIP = NO;
				DEBUG_INFORMATION_FORMAT = "dwarf-with-dsym";
				ENABLE_NS_ASSERTIONS = NO;
				ENABLE_STRICT_OBJC_MSGSEND = YES;
				GCC_C_LANGUAGE_STANDARD = gnu11;
				GCC_NO_COMMON_BLOCKS = YES;
				GCC_WARN_64_TO_32_BIT_CONVERSION = YES;
				GCC_WARN_ABOUT_RETURN_TYPE = YES_ERROR;
				GCC_WARN_UNDECLARED_SELECTOR = YES;
				GCC_WARN_UNINITIALIZED_AUTOS = YES_AGGRESSIVE;
				GCC_WARN_UNUSED_FUNCTION = YES;
				GCC_WARN_UNUSED_VARIABLE = YES;
				IPHONEOS_DEPLOYMENT_TARGET = 11.0;
				MTL_ENABLE_DEBUG_INFO = NO;
				MTL_FAST_MATH = YES;
				SDKROOT = iphoneos;
				SWIFT_COMPILATION_MODE = wholemodule;
				SWIFT_OPTIMIZATION_LEVEL = "-O";
				VALIDATE_PRODUCT = YES;
			};
			name = Release;
		};
		FA3260A423940BF2004B1410 /* Debug */ = {
			isa = XCBuildConfiguration;
			baseConfigurationReference = 6608CE897E25F119F72AB452 /* Pods-BsuirAdditionalApp.debug.xcconfig */;
			buildSettings = {
				ASSETCATALOG_COMPILER_APPICON_NAME = AppIcon;
				CODE_SIGN_ENTITLEMENTS = BsuirAdditionalApp/Bsuir.Student.entitlements;
				CODE_SIGN_STYLE = Automatic;
				CURRENT_PROJECT_VERSION = 2;
				DEVELOPMENT_TEAM = 47K9CVZBFJ;
				INFOPLIST_FILE = BsuirAdditionalApp/Info.plist;
				IPHONEOS_DEPLOYMENT_TARGET = 11.0;
				LD_RUNPATH_SEARCH_PATHS = (
					"$(inherited)",
					"@executable_path/Frameworks",
				);
				PRODUCT_BUNDLE_IDENTIFIER = com.holubeu.bsuirstudent;
				PRODUCT_NAME = Bsuir.Student;
				SWIFT_VERSION = 5.0;
				TARGETED_DEVICE_FAMILY = "1,2";
			};
			name = Debug;
		};
		FA3260A523940BF2004B1410 /* Release */ = {
			isa = XCBuildConfiguration;
			baseConfigurationReference = 112FDD627729347556FF94E8 /* Pods-BsuirAdditionalApp.release.xcconfig */;
			buildSettings = {
				ASSETCATALOG_COMPILER_APPICON_NAME = AppIcon;
				CODE_SIGN_ENTITLEMENTS = BsuirAdditionalApp/Bsuir.Student.entitlements;
				CODE_SIGN_STYLE = Automatic;
				CURRENT_PROJECT_VERSION = 2;
				DEVELOPMENT_TEAM = 47K9CVZBFJ;
				INFOPLIST_FILE = BsuirAdditionalApp/Info.plist;
				IPHONEOS_DEPLOYMENT_TARGET = 11.0;
				LD_RUNPATH_SEARCH_PATHS = (
					"$(inherited)",
					"@executable_path/Frameworks",
				);
				PRODUCT_BUNDLE_IDENTIFIER = com.holubeu.bsuirstudent;
				PRODUCT_NAME = Bsuir.Student;
				SWIFT_VERSION = 5.0;
				TARGETED_DEVICE_FAMILY = "1,2";
			};
			name = Release;
		};
/* End XCBuildConfiguration section */

/* Begin XCConfigurationList section */
		FA32608A23940BF1004B1410 /* Build configuration list for PBXProject "BsuirAdditionalApp" */ = {
			isa = XCConfigurationList;
			buildConfigurations = (
				FA3260A123940BF2004B1410 /* Debug */,
				FA3260A223940BF2004B1410 /* Release */,
			);
			defaultConfigurationIsVisible = 0;
			defaultConfigurationName = Release;
		};
		FA3260A323940BF2004B1410 /* Build configuration list for PBXNativeTarget "BsuirAdditionalApp" */ = {
			isa = XCConfigurationList;
			buildConfigurations = (
				FA3260A423940BF2004B1410 /* Debug */,
				FA3260A523940BF2004B1410 /* Release */,
			);
			defaultConfigurationIsVisible = 0;
			defaultConfigurationName = Release;
		};
/* End XCConfigurationList section */
	};
	rootObject = FA32608723940BF1004B1410 /* Project object */;
}
